
Microsoft Visual Studio Solution File, Format Version 12.00
# Visual Studio Version 17
VisualStudioVersion = 17.0.32014.148
MinimumVisualStudioVersion = 10.0.40219.1
Project("{8BC9CEB8-8B4A-11D0-8D11-00A0C91BC942}") = "Practice_8", "Practice_8.vcxproj", "{29388F43-9A4D-4D4B-B9D0-0709FB1F6351}"
EndProject
Global
	GlobalSection(SolutionConfigurationPlatforms) = preSolution
		Debug|x64 = Debug|x64
		Debug|x86 = Debug|x86
		Release|x64 = Release|x64
		Release|x86 = Release|x86
	EndGlobalSection
	GlobalSection(ProjectConfigurationPlatforms) = postSolution
		{29388F43-9A4D-4D4B-B9D0-0709FB1F6351}.Debug|x64.ActiveCfg = Debug|x64
		{29388F43-9A4D-4D4B-B9D0-0709FB1F6351}.Debug|x64.Build.0 = Debug|x64
		{29388F43-9A4D-4D4B-B9D0-0709FB1F6351}.Debug|x86.ActiveCfg = Debug|Win32
		{29388F43-9A4D-4D4B-B9D0-0709FB1F6351}.Debug|x86.Build.0 = Debug|Win32
		{29388F43-9A4D-4D4B-B9D0-0709FB1F6351}.Release|x64.ActiveCfg = Release|x64
		{29388F43-9A4D-4D4B-B9D0-0709FB1F6351}.Release|x64.Build.0 = Release|x64
		{29388F43-9A4D-4D4B-B9D0-0709FB1F6351}.Release|x86.ActiveCfg = Release|Win32
		{29388F43-9A4D-4D4B-B9D0-0709FB1F6351}.Release|x86.Build.0 = Release|Win32
	EndGlobalSection
	GlobalSection(SolutionProperties) = preSolution
		HideSolutionNode = FALSE
	EndGlobalSection
	GlobalSection(ExtensibilityGlobals) = postSolution
		SolutionGuid = {F0ADFF2E-B408-4BE2-A331-61AA5D72CDEF}
	EndGlobalSection
EndGlobal
